// !$*UTF8*$!
{
	archiveVersion = 1;
	classes = {
	};
	objectVersion = 55;
	objects = {

/* Begin PBXBuildFile section */
		3EC121698462499E8405C649 /* Pods_Casino.framework in Frameworks */ = {isa = PBXBuildFile; fileRef = 3DFC33530BAEC3F4B30BDBCB /* Pods_Casino.framework */; };
		844B2C8127684F1400B0513D /* AppDelegate.m in Sources */ = {isa = PBXBuildFile; fileRef = 844B2C8027684F1400B0513D /* AppDelegate.m */; };
		844B2C8427684F1400B0513D /* SceneDelegate.m in Sources */ = {isa = PBXBuildFile; fileRef = 844B2C8327684F1400B0513D /* SceneDelegate.m */; };
		844B2C8727684F1400B0513D /* ViewController.m in Sources */ = {isa = PBXBuildFile; fileRef = 844B2C8627684F1400B0513D /* ViewController.m */; };
		844B2C8A27684F1400B0513D /* Main.storyboard in Resources */ = {isa = PBXBuildFile; fileRef = 844B2C8827684F1400B0513D /* Main.storyboard */; };
		844B2C8D27684F1400B0513D /* Casino.xcdatamodeld in Sources */ = {isa = PBXBuildFile; fileRef = 844B2C8B27684F1400B0513D /* Casino.xcdatamodeld */; };
		844B2C8F27684F1600B0513D /* Assets.xcassets in Resources */ = {isa = PBXBuildFile; fileRef = 844B2C8E27684F1600B0513D /* Assets.xcassets */; };
		844B2C9227684F1600B0513D /* LaunchScreen.storyboard in Resources */ = {isa = PBXBuildFile; fileRef = 844B2C9027684F1600B0513D /* LaunchScreen.storyboard */; };
		844B2C9527684F1600B0513D /* main.m in Sources */ = {isa = PBXBuildFile; fileRef = 844B2C9427684F1600B0513D /* main.m */; };
		844B2C9F27684F1600B0513D /* CasinoTests.m in Sources */ = {isa = PBXBuildFile; fileRef = 844B2C9E27684F1600B0513D /* CasinoTests.m */; };
		844B2CA927684F1600B0513D /* CasinoUITests.m in Sources */ = {isa = PBXBuildFile; fileRef = 844B2CA827684F1600B0513D /* CasinoUITests.m */; };
		844B2CAB27684F1600B0513D /* CasinoUITestsLaunchTests.m in Sources */ = {isa = PBXBuildFile; fileRef = 844B2CAA27684F1600B0513D /* CasinoUITestsLaunchTests.m */; };
/* End PBXBuildFile section */

/* Begin PBXContainerItemProxy section */
		844B2C9B27684F1600B0513D /* PBXContainerItemProxy */ = {
			isa = PBXContainerItemProxy;
			containerPortal = 844B2C7427684F1400B0513D /* Project object */;
			proxyType = 1;
			remoteGlobalIDString = 844B2C7B27684F1400B0513D;
			remoteInfo = Casino;
		};
		844B2CA527684F1600B0513D /* PBXContainerItemProxy */ = {
			isa = PBXContainerItemProxy;
			containerPortal = 844B2C7427684F1400B0513D /* Project object */;
			proxyType = 1;
			remoteGlobalIDString = 844B2C7B27684F1400B0513D;
			remoteInfo = Casino;
		};
/* End PBXContainerItemProxy section */

/* Begin PBXFileReference section */
		3D09BC1FD87CB6945232C249 /* Pods-Casino.release.xcconfig */ = {isa = PBXFileReference; includeInIndex = 1; lastKnownFileType = text.xcconfig; name = "Pods-Casino.release.xcconfig"; path = "Target Support Files/Pods-Casino/Pods-Casino.release.xcconfig"; sourceTree = "<group>"; };
		3DFC33530BAEC3F4B30BDBCB /* Pods_Casino.framework */ = {isa = PBXFileReference; explicitFileType = wrapper.framework; includeInIndex = 0; path = Pods_Casino.framework; sourceTree = BUILT_PRODUCTS_DIR; };
		844B2C7C27684F1400B0513D /* Casino.app */ = {isa = PBXFileReference; explicitFileType = wrapper.application; includeInIndex = 0; path = Casino.app; sourceTree = BUILT_PRODUCTS_DIR; };
		844B2C7F27684F1400B0513D /* AppDelegate.h */ = {isa = PBXFileReference; lastKnownFileType = sourcecode.c.h; path = AppDelegate.h; sourceTree = "<group>"; };
		844B2C8027684F1400B0513D /* AppDelegate.m */ = {isa = PBXFileReference; lastKnownFileType = sourcecode.c.objc; path = AppDelegate.m; sourceTree = "<group>"; };
		844B2C8227684F1400B0513D /* SceneDelegate.h */ = {isa = PBXFileReference; lastKnownFileType = sourcecode.c.h; path = SceneDelegate.h; sourceTree = "<group>"; };
		844B2C8327684F1400B0513D /* SceneDelegate.m */ = {isa = PBXFileReference; lastKnownFileType = sourcecode.c.objc; path = SceneDelegate.m; sourceTree = "<group>"; };
		844B2C8527684F1400B0513D /* ViewController.h */ = {isa = PBXFileReference; lastKnownFileType = sourcecode.c.h; path = ViewController.h; sourceTree = "<group>"; };
		844B2C8627684F1400B0513D /* ViewController.m */ = {isa = PBXFileReference; lastKnownFileType = sourcecode.c.objc; path = ViewController.m; sourceTree = "<group>"; };
		844B2C8927684F1400B0513D /* Base */ = {isa = PBXFileReference; lastKnownFileType = file.storyboard; name = Base; path = Base.lproj/Main.storyboard; sourceTree = "<group>"; };
		844B2C8C27684F1400B0513D /* Casino.xcdatamodel */ = {isa = PBXFileReference; lastKnownFileType = wrapper.xcdatamodel; path = Casino.xcdatamodel; sourceTree = "<group>"; };
		844B2C8E27684F1600B0513D /* Assets.xcassets */ = {isa = PBXFileReference; lastKnownFileType = folder.assetcatalog; path = Assets.xcassets; sourceTree = "<group>"; };
		844B2C9127684F1600B0513D /* Base */ = {isa = PBXFileReference; lastKnownFileType = file.storyboard; name = Base; path = Base.lproj/LaunchScreen.storyboard; sourceTree = "<group>"; };
		844B2C9327684F1600B0513D /* Info.plist */ = {isa = PBXFileReference; lastKnownFileType = text.plist.xml; path = Info.plist; sourceTree = "<group>"; };
		844B2C9427684F1600B0513D /* main.m */ = {isa = PBXFileReference; lastKnownFileType = sourcecode.c.objc; path = main.m; sourceTree = "<group>"; };
		844B2C9A27684F1600B0513D /* CasinoTests.xctest */ = {isa = PBXFileReference; explicitFileType = wrapper.cfbundle; includeInIndex = 0; path = CasinoTests.xctest; sourceTree = BUILT_PRODUCTS_DIR; };
		844B2C9E27684F1600B0513D /* CasinoTests.m */ = {isa = PBXFileReference; lastKnownFileType = sourcecode.c.objc; path = CasinoTests.m; sourceTree = "<group>"; };
		844B2CA427684F1600B0513D /* CasinoUITests.xctest */ = {isa = PBXFileReference; explicitFileType = wrapper.cfbundle; includeInIndex = 0; path = CasinoUITests.xctest; sourceTree = BUILT_PRODUCTS_DIR; };
		844B2CA827684F1600B0513D /* CasinoUITests.m */ = {isa = PBXFileReference; lastKnownFileType = sourcecode.c.objc; path = CasinoUITests.m; sourceTree = "<group>"; };
		844B2CAA27684F1600B0513D /* CasinoUITestsLaunchTests.m */ = {isa = PBXFileReference; lastKnownFileType = sourcecode.c.objc; path = CasinoUITestsLaunchTests.m; sourceTree = "<group>"; };
		845A0B1D276DAD54008E75A5 /* CasinoPrefixHeader.pch */ = {isa = PBXFileReference; lastKnownFileType = sourcecode.c.h; path = CasinoPrefixHeader.pch; sourceTree = "<group>"; };
		84A5DEEF2768621300062D0F /* CasinoPods.h */ = {isa = PBXFileReference; lastKnownFileType = sourcecode.c.h; path = CasinoPods.h; sourceTree = "<group>"; };
		FED963FCCE660E951EB34214 /* Pods-Casino.debug.xcconfig */ = {isa = PBXFileReference; includeInIndex = 1; lastKnownFileType = text.xcconfig; name = "Pods-Casino.debug.xcconfig"; path = "Target Support Files/Pods-Casino/Pods-Casino.debug.xcconfig"; sourceTree = "<group>"; };
/* End PBXFileReference section */

/* Begin PBXFrameworksBuildPhase section */
		844B2C7927684F1400B0513D /* Frameworks */ = {
			isa = PBXFrameworksBuildPhase;
			buildActionMask = 2147483647;
			files = (
				3EC121698462499E8405C649 /* Pods_Casino.framework in Frameworks */,
			);
			runOnlyForDeploymentPostprocessing = 0;
		};
		844B2C9727684F1600B0513D /* Frameworks */ = {
			isa = PBXFrameworksBuildPhase;
			buildActionMask = 2147483647;
			files = (
			);
			runOnlyForDeploymentPostprocessing = 0;
		};
		844B2CA127684F1600B0513D /* Frameworks */ = {
			isa = PBXFrameworksBuildPhase;
			buildActionMask = 2147483647;
			files = (
			);
			runOnlyForDeploymentPostprocessing = 0;
		};
/* End PBXFrameworksBuildPhase section */

/* Begin PBXGroup section */
		7D65DF4299BCA5B659F48AA7 /* Pods */ = {
			isa = PBXGroup;
			children = (
				FED963FCCE660E951EB34214 /* Pods-Casino.debug.xcconfig */,
				3D09BC1FD87CB6945232C249 /* Pods-Casino.release.xcconfig */,
			);
			name = Pods;
			path = ../Pods;
			sourceTree = "<group>";
		};
		844B2C7327684F1400B0513D = {
			isa = PBXGroup;
			children = (
				844B2C7E27684F1400B0513D /* Casino */,
				844B2C9D27684F1600B0513D /* CasinoTests */,
				844B2CA727684F1600B0513D /* CasinoUITests */,
				844B2C7D27684F1400B0513D /* Products */,
				7D65DF4299BCA5B659F48AA7 /* Pods */,
				A5127B690D31F4B844BEF3F7 /* Frameworks */,
			);
			sourceTree = "<group>";
		};
		844B2C7D27684F1400B0513D /* Products */ = {
			isa = PBXGroup;
			children = (
				844B2C7C27684F1400B0513D /* Casino.app */,
				844B2C9A27684F1600B0513D /* CasinoTests.xctest */,
				844B2CA427684F1600B0513D /* CasinoUITests.xctest */,
			);
			name = Products;
			sourceTree = "<group>";
		};
		844B2C7E27684F1400B0513D /* Casino */ = {
			isa = PBXGroup;
			children = (
				84A5DEEF2768621300062D0F /* CasinoPods.h */,
				845A0B1D276DAD54008E75A5 /* CasinoPrefixHeader.pch */,
				845A0B23276DAE18008E75A5 /* Others */,
				845A0B1F276DADDD008E75A5 /* AppDelegate & SceneDelegate */,
				844B2C8527684F1400B0513D /* ViewController.h */,
				844B2C8627684F1400B0513D /* ViewController.m */,
				844B2C9327684F1600B0513D /* Info.plist */,
			);
			path = Casino;
			sourceTree = "<group>";
		};
		844B2C9D27684F1600B0513D /* CasinoTests */ = {
			isa = PBXGroup;
			children = (
				844B2C9E27684F1600B0513D /* CasinoTests.m */,
			);
			path = CasinoTests;
			sourceTree = "<group>";
		};
		844B2CA727684F1600B0513D /* CasinoUITests */ = {
			isa = PBXGroup;
			children = (
				844B2CA827684F1600B0513D /* CasinoUITests.m */,
				844B2CAA27684F1600B0513D /* CasinoUITestsLaunchTests.m */,
			);
			path = CasinoUITests;
			sourceTree = "<group>";
		};
		845A0B1F276DADDD008E75A5 /* AppDelegate & SceneDelegate */ = {
			isa = PBXGroup;
			children = (
				845A0B20276DADE8008E75A5 /* AppDelegate */,
				845A0B21276DADED008E75A5 /* SceneDelegate */,
			);
			path = "AppDelegate & SceneDelegate";
			sourceTree = "<group>";
		};
		845A0B20276DADE8008E75A5 /* AppDelegate */ = {
			isa = PBXGroup;
			children = (
				844B2C7F27684F1400B0513D /* AppDelegate.h */,
				844B2C8027684F1400B0513D /* AppDelegate.m */,
			);
			path = AppDelegate;
			sourceTree = "<group>";
		};
		845A0B21276DADED008E75A5 /* SceneDelegate */ = {
			isa = PBXGroup;
			children = (
				844B2C8227684F1400B0513D /* SceneDelegate.h */,
				844B2C8327684F1400B0513D /* SceneDelegate.m */,
			);
			path = SceneDelegate;
			sourceTree = "<group>";
		};
		845A0B23276DAE18008E75A5 /* Others */ = {
			isa = PBXGroup;
			children = (
				844B2C8827684F1400B0513D /* Main.storyboard */,
				844B2C8E27684F1600B0513D /* Assets.xcassets */,
				844B2C9027684F1600B0513D /* LaunchScreen.storyboard */,
				844B2C9427684F1600B0513D /* main.m */,
				844B2C8B27684F1400B0513D /* Casino.xcdatamodeld */,
			);
			path = Others;
			sourceTree = "<group>";
		};
		A5127B690D31F4B844BEF3F7 /* Frameworks */ = {
			isa = PBXGroup;
			children = (
				3DFC33530BAEC3F4B30BDBCB /* Pods_Casino.framework */,
			);
			name = Frameworks;
			sourceTree = "<group>";
		};
/* End PBXGroup section */

/* Begin PBXNativeTarget section */
		844B2C7B27684F1400B0513D /* Casino */ = {
			isa = PBXNativeTarget;
			buildConfigurationList = 844B2CAE27684F1600B0513D /* Build configuration list for PBXNativeTarget "Casino" */;
			buildPhases = (
				F0FD4BC8D468B75C42D17F08 /* [CP] Check Pods Manifest.lock */,
				844B2C7827684F1400B0513D /* Sources */,
				844B2C7927684F1400B0513D /* Frameworks */,
				844B2C7A27684F1400B0513D /* Resources */,
				EB54D4900CC1A2F7CE8E2AC8 /* [CP] Embed Pods Frameworks */,
				4EAD78289BE591D63D2C5CD8 /* [CP] Copy Pods Resources */,
			);
			buildRules = (
			);
			dependencies = (
			);
			name = Casino;
			productName = Casino;
			productReference = 844B2C7C27684F1400B0513D /* Casino.app */;
			productType = "com.apple.product-type.application";
		};
		844B2C9927684F1600B0513D /* CasinoTests */ = {
			isa = PBXNativeTarget;
			buildConfigurationList = 844B2CB127684F1600B0513D /* Build configuration list for PBXNativeTarget "CasinoTests" */;
			buildPhases = (
				844B2C9627684F1600B0513D /* Sources */,
				844B2C9727684F1600B0513D /* Frameworks */,
				844B2C9827684F1600B0513D /* Resources */,
			);
			buildRules = (
			);
			dependencies = (
				844B2C9C27684F1600B0513D /* PBXTargetDependency */,
			);
			name = CasinoTests;
			productName = CasinoTests;
			productReference = 844B2C9A27684F1600B0513D /* CasinoTests.xctest */;
			productType = "com.apple.product-type.bundle.unit-test";
		};
		844B2CA327684F1600B0513D /* CasinoUITests */ = {
			isa = PBXNativeTarget;
			buildConfigurationList = 844B2CB427684F1600B0513D /* Build configuration list for PBXNativeTarget "CasinoUITests" */;
			buildPhases = (
				844B2CA027684F1600B0513D /* Sources */,
				844B2CA127684F1600B0513D /* Frameworks */,
				844B2CA227684F1600B0513D /* Resources */,
			);
			buildRules = (
			);
			dependencies = (
				844B2CA627684F1600B0513D /* PBXTargetDependency */,
			);
			name = CasinoUITests;
			productName = CasinoUITests;
			productReference = 844B2CA427684F1600B0513D /* CasinoUITests.xctest */;
			productType = "com.apple.product-type.bundle.ui-testing";
		};
/* End PBXNativeTarget section */

/* Begin PBXProject section */
		844B2C7427684F1400B0513D /* Project object */ = {
			isa = PBXProject;
			attributes = {
				BuildIndependentTargetsInParallel = 1;
				LastUpgradeCheck = 1310;
				TargetAttributes = {
					844B2C7B27684F1400B0513D = {
						CreatedOnToolsVersion = 13.1;
					};
					844B2C9927684F1600B0513D = {
						CreatedOnToolsVersion = 13.1;
						TestTargetID = 844B2C7B27684F1400B0513D;
					};
					844B2CA327684F1600B0513D = {
						CreatedOnToolsVersion = 13.1;
						TestTargetID = 844B2C7B27684F1400B0513D;
					};
				};
			};
			buildConfigurationList = 844B2C7727684F1400B0513D /* Build configuration list for PBXProject "Casino" */;
			compatibilityVersion = "Xcode 13.0";
			developmentRegion = en;
			hasScannedForEncodings = 0;
			knownRegions = (
				en,
				Base,
			);
			mainGroup = 844B2C7327684F1400B0513D;
			productRefGroup = 844B2C7D27684F1400B0513D /* Products */;
			projectDirPath = "";
			projectRoot = "";
			targets = (
				844B2C7B27684F1400B0513D /* Casino */,
				844B2C9927684F1600B0513D /* CasinoTests */,
				844B2CA327684F1600B0513D /* CasinoUITests */,
			);
		};
/* End PBXProject section */

/* Begin PBXResourcesBuildPhase section */
		844B2C7A27684F1400B0513D /* Resources */ = {
			isa = PBXResourcesBuildPhase;
			buildActionMask = 2147483647;
			files = (
				844B2C9227684F1600B0513D /* LaunchScreen.storyboard in Resources */,
				844B2C8F27684F1600B0513D /* Assets.xcassets in Resources */,
				844B2C8A27684F1400B0513D /* Main.storyboard in Resources */,
			);
			runOnlyForDeploymentPostprocessing = 0;
		};
		844B2C9827684F1600B0513D /* Resources */ = {
			isa = PBXResourcesBuildPhase;
			buildActionMask = 2147483647;
			files = (
			);
			runOnlyForDeploymentPostprocessing = 0;
		};
		844B2CA227684F1600B0513D /* Resources */ = {
			isa = PBXResourcesBuildPhase;
			buildActionMask = 2147483647;
			files = (
			);
			runOnlyForDeploymentPostprocessing = 0;
		};
/* End PBXResourcesBuildPhase section */

/* Begin PBXShellScriptBuildPhase section */
		4EAD78289BE591D63D2C5CD8 /* [CP] Copy Pods Resources */ = {
			isa = PBXShellScriptBuildPhase;
			buildActionMask = 2147483647;
			files = (
			);
			inputFileListPaths = (
			);
			name = "[CP] Copy Pods Resources";
			outputFileListPaths = (
			);
			runOnlyForDeploymentPostprocessing = 0;
			shellPath = /bin/sh;
			shellScript = "\"${PODS_ROOT}/Target Support Files/Pods-Casino/Pods-Casino-resources.sh\"\n";
			showEnvVarsInLog = 0;
		};
		EB54D4900CC1A2F7CE8E2AC8 /* [CP] Embed Pods Frameworks */ = {
			isa = PBXShellScriptBuildPhase;
			buildActionMask = 2147483647;
			files = (
			);
			inputFileListPaths = (
			);
			name = "[CP] Embed Pods Frameworks";
			outputFileListPaths = (
			);
			runOnlyForDeploymentPostprocessing = 0;
			shellPath = /bin/sh;
			shellScript = "\"${PODS_ROOT}/Target Support Files/Pods-Casino/Pods-Casino-frameworks.sh\"\n";
			showEnvVarsInLog = 0;
		};
		F0FD4BC8D468B75C42D17F08 /* [CP] Check Pods Manifest.lock */ = {
			isa = PBXShellScriptBuildPhase;
			buildActionMask = 2147483647;
			files = (
			);
			inputFileListPaths = (
			);
			inputPaths = (
				"${PODS_PODFILE_DIR_PATH}/Podfile.lock",
				"${PODS_ROOT}/Manifest.lock",
			);
			name = "[CP] Check Pods Manifest.lock";
			outputFileListPaths = (
			);
			outputPaths = (
				"$(DERIVED_FILE_DIR)/Pods-Casino-checkManifestLockResult.txt",
			);
			runOnlyForDeploymentPostprocessing = 0;
			shellPath = /bin/sh;
			shellScript = "diff \"${PODS_PODFILE_DIR_PATH}/Podfile.lock\" \"${PODS_ROOT}/Manifest.lock\" > /dev/null\nif [ $? != 0 ] ; then\n    # print error to STDERR\n    echo \"error: The sandbox is not in sync with the Podfile.lock. Run 'pod install' or update your CocoaPods installation.\" >&2\n    exit 1\nfi\n# This output is used by Xcode 'outputs' to avoid re-running this script phase.\necho \"SUCCESS\" > \"${SCRIPT_OUTPUT_FILE_0}\"\n";
			showEnvVarsInLog = 0;
		};
/* End PBXShellScriptBuildPhase section */

/* Begin PBXSourcesBuildPhase section */
		844B2C7827684F1400B0513D /* Sources */ = {
			isa = PBXSourcesBuildPhase;
			buildActionMask = 2147483647;
			files = (
				844B2C9527684F1600B0513D /* main.m in Sources */,
				844B2C8D27684F1400B0513D /* Casino.xcdatamodeld in Sources */,
				844B2C8727684F1400B0513D /* ViewController.m in Sources */,
				844B2C8127684F1400B0513D /* AppDelegate.m in Sources */,
				844B2C8427684F1400B0513D /* SceneDelegate.m in Sources */,
			);
			runOnlyForDeploymentPostprocessing = 0;
		};
		844B2C9627684F1600B0513D /* Sources */ = {
			isa = PBXSourcesBuildPhase;
			buildActionMask = 2147483647;
			files = (
				844B2C9F27684F1600B0513D /* CasinoTests.m in Sources */,
			);
			runOnlyForDeploymentPostprocessing = 0;
		};
		844B2CA027684F1600B0513D /* Sources */ = {
			isa = PBXSourcesBuildPhase;
			buildActionMask = 2147483647;
			files = (
				844B2CA927684F1600B0513D /* CasinoUITests.m in Sources */,
				844B2CAB27684F1600B0513D /* CasinoUITestsLaunchTests.m in Sources */,
			);
			runOnlyForDeploymentPostprocessing = 0;
		};
/* End PBXSourcesBuildPhase section */

/* Begin PBXTargetDependency section */
		844B2C9C27684F1600B0513D /* PBXTargetDependency */ = {
			isa = PBXTargetDependency;
			target = 844B2C7B27684F1400B0513D /* Casino */;
			targetProxy = 844B2C9B27684F1600B0513D /* PBXContainerItemProxy */;
		};
		844B2CA627684F1600B0513D /* PBXTargetDependency */ = {
			isa = PBXTargetDependency;
			target = 844B2C7B27684F1400B0513D /* Casino */;
			targetProxy = 844B2CA527684F1600B0513D /* PBXContainerItemProxy */;
		};
/* End PBXTargetDependency section */

/* Begin PBXVariantGroup section */
		844B2C8827684F1400B0513D /* Main.storyboard */ = {
			isa = PBXVariantGroup;
			children = (
				844B2C8927684F1400B0513D /* Base */,
			);
			name = Main.storyboard;
			sourceTree = "<group>";
		};
		844B2C9027684F1600B0513D /* LaunchScreen.storyboard */ = {
			isa = PBXVariantGroup;
			children = (
				844B2C9127684F1600B0513D /* Base */,
			);
			name = LaunchScreen.storyboard;
			sourceTree = "<group>";
		};
/* End PBXVariantGroup section */

/* Begin XCBuildConfiguration section */
		844B2CAC27684F1600B0513D /* Debug */ = {
			isa = XCBuildConfiguration;
			buildSettings = {
				ALWAYS_SEARCH_USER_PATHS = NO;
				CLANG_ANALYZER_NONNULL = YES;
				CLANG_ANALYZER_NUMBER_OBJECT_CONVERSION = YES_AGGRESSIVE;
				CLANG_CXX_LANGUAGE_STANDARD = "gnu++17";
				CLANG_CXX_LIBRARY = "libc++";
				CLANG_ENABLE_MODULES = YES;
				CLANG_ENABLE_OBJC_ARC = YES;
				CLANG_ENABLE_OBJC_WEAK = YES;
				CLANG_WARN_BLOCK_CAPTURE_AUTORELEASING = YES;
				CLANG_WARN_BOOL_CONVERSION = YES;
				CLANG_WARN_COMMA = YES;
				CLANG_WARN_CONSTANT_CONVERSION = YES;
				CLANG_WARN_DEPRECATED_OBJC_IMPLEMENTATIONS = YES;
				CLANG_WARN_DIRECT_OBJC_ISA_USAGE = YES_ERROR;
				CLANG_WARN_DOCUMENTATION_COMMENTS = YES;
				CLANG_WARN_EMPTY_BODY = YES;
				CLANG_WARN_ENUM_CONVERSION = YES;
				CLANG_WARN_INFINITE_RECURSION = YES;
				CLANG_WARN_INT_CONVERSION = YES;
				CLANG_WARN_NON_LITERAL_NULL_CONVERSION = YES;
				CLANG_WARN_OBJC_IMPLICIT_RETAIN_SELF = YES;
				CLANG_WARN_OBJC_LITERAL_CONVERSION = YES;
				CLANG_WARN_OBJC_ROOT_CLASS = YES_ERROR;
				CLANG_WARN_QUOTED_INCLUDE_IN_FRAMEWORK_HEADER = YES;
				CLANG_WARN_RANGE_LOOP_ANALYSIS = YES;
				CLANG_WARN_STRICT_PROTOTYPES = YES;
				CLANG_WARN_SUSPICIOUS_MOVE = YES;
				CLANG_WARN_UNGUARDED_AVAILABILITY = YES_AGGRESSIVE;
				CLANG_WARN_UNREACHABLE_CODE = YES;
				CLANG_WARN__DUPLICATE_METHOD_MATCH = YES;
				COPY_PHASE_STRIP = NO;
				DEBUG_INFORMATION_FORMAT = dwarf;
				ENABLE_STRICT_OBJC_MSGSEND = YES;
				ENABLE_TESTABILITY = YES;
				GCC_C_LANGUAGE_STANDARD = gnu11;
				GCC_DYNAMIC_NO_PIC = NO;
				GCC_NO_COMMON_BLOCKS = YES;
				GCC_OPTIMIZATION_LEVEL = 0;
				GCC_PREPROCESSOR_DEFINITIONS = (
					"DEBUG=1",
					"$(inherited)",
				);
				GCC_WARN_64_TO_32_BIT_CONVERSION = YES;
				GCC_WARN_ABOUT_RETURN_TYPE = YES_ERROR;
				GCC_WARN_UNDECLARED_SELECTOR = YES;
				GCC_WARN_UNINITIALIZED_AUTOS = YES_AGGRESSIVE;
				GCC_WARN_UNUSED_FUNCTION = YES;
				GCC_WARN_UNUSED_VARIABLE = YES;
				IPHONEOS_DEPLOYMENT_TARGET = 15.0;
				MTL_ENABLE_DEBUG_INFO = INCLUDE_SOURCE;
				MTL_FAST_MATH = YES;
				ONLY_ACTIVE_ARCH = YES;
				SDKROOT = iphoneos;
			};
			name = Debug;
		};
		844B2CAD27684F1600B0513D /* Release */ = {
			isa = XCBuildConfiguration;
			buildSettings = {
				ALWAYS_SEARCH_USER_PATHS = NO;
				CLANG_ANALYZER_NONNULL = YES;
				CLANG_ANALYZER_NUMBER_OBJECT_CONVERSION = YES_AGGRESSIVE;
				CLANG_CXX_LANGUAGE_STANDARD = "gnu++17";
				CLANG_CXX_LIBRARY = "libc++";
				CLANG_ENABLE_MODULES = YES;
				CLANG_ENABLE_OBJC_ARC = YES;
				CLANG_ENABLE_OBJC_WEAK = YES;
				CLANG_WARN_BLOCK_CAPTURE_AUTORELEASING = YES;
				CLANG_WARN_BOOL_CONVERSION = YES;
				CLANG_WARN_COMMA = YES;
				CLANG_WARN_CONSTANT_CONVERSION = YES;
				CLANG_WARN_DEPRECATED_OBJC_IMPLEMENTATIONS = YES;
				CLANG_WARN_DIRECT_OBJC_ISA_USAGE = YES_ERROR;
				CLANG_WARN_DOCUMENTATION_COMMENTS = YES;
				CLANG_WARN_EMPTY_BODY = YES;
				CLANG_WARN_ENUM_CONVERSION = YES;
				CLANG_WARN_INFINITE_RECURSION = YES;
				CLANG_WARN_INT_CONVERSION = YES;
				CLANG_WARN_NON_LITERAL_NULL_CONVERSION = YES;
				CLANG_WARN_OBJC_IMPLICIT_RETAIN_SELF = YES;
				CLANG_WARN_OBJC_LITERAL_CONVERSION = YES;
				CLANG_WARN_OBJC_ROOT_CLASS = YES_ERROR;
				CLANG_WARN_QUOTED_INCLUDE_IN_FRAMEWORK_HEADER = YES;
				CLANG_WARN_RANGE_LOOP_ANALYSIS = YES;
				CLANG_WARN_STRICT_PROTOTYPES = YES;
				CLANG_WARN_SUSPICIOUS_MOVE = YES;
				CLANG_WARN_UNGUARDED_AVAILABILITY = YES_AGGRESSIVE;
				CLANG_WARN_UNREACHABLE_CODE = YES;
				CLANG_WARN__DUPLICATE_METHOD_MATCH = YES;
				COPY_PHASE_STRIP = NO;
				DEBUG_INFORMATION_FORMAT = "dwarf-with-dsym";
				ENABLE_NS_ASSERTIONS = NO;
				ENABLE_STRICT_OBJC_MSGSEND = YES;
				GCC_C_LANGUAGE_STANDARD = gnu11;
				GCC_NO_COMMON_BLOCKS = YES;
				GCC_WARN_64_TO_32_BIT_CONVERSION = YES;
				GCC_WARN_ABOUT_RETURN_TYPE = YES_ERROR;
				GCC_WARN_UNDECLARED_SELECTOR = YES;
				GCC_WARN_UNINITIALIZED_AUTOS = YES_AGGRESSIVE;
				GCC_WARN_UNUSED_FUNCTION = YES;
				GCC_WARN_UNUSED_VARIABLE = YES;
				IPHONEOS_DEPLOYMENT_TARGET = 15.0;
				MTL_ENABLE_DEBUG_INFO = NO;
				MTL_FAST_MATH = YES;
				SDKROOT = iphoneos;
				VALIDATE_PRODUCT = YES;
			};
			name = Release;
		};
		844B2CAF27684F1600B0513D /* Debug */ = {
			isa = XCBuildConfiguration;
			baseConfigurationReference = FED963FCCE660E951EB34214 /* Pods-Casino.debug.xcconfig */;
			buildSettings = {
				ASSETCATALOG_COMPILER_APPICON_NAME = AppIcon;
				ASSETCATALOG_COMPILER_GLOBAL_ACCENT_COLOR_NAME = AccentColor;
				CODE_SIGN_STYLE = Automatic;
				CURRENT_PROJECT_VERSION = 1;
				DEVELOPMENT_TEAM = TG5S4Z66WU;
				GCC_PREFIX_HEADER = "$(PROJECT_DIR)/$(PROJECT_NAME)/$(PROJECT_NAME)PrefixHeader.pch";
				GENERATE_INFOPLIST_FILE = YES;
				HEADER_SEARCH_PATHS = "\"$(SRCROOT)/../JobsBaseConfig\"/**";
				INFOPLIST_FILE = Casino/Info.plist;
				INFOPLIST_KEY_UIApplicationSupportsIndirectInputEvents = YES;
				INFOPLIST_KEY_UILaunchStoryboardName = LaunchScreen;
				INFOPLIST_KEY_UIMainStoryboardFile = Main;
				INFOPLIST_KEY_UISupportedInterfaceOrientations_iPad = "UIInterfaceOrientationPortrait UIInterfaceOrientationPortraitUpsideDown UIInterfaceOrientationLandscapeLeft UIInterfaceOrientationLandscapeRight";
				INFOPLIST_KEY_UISupportedInterfaceOrientations_iPhone = "UIInterfaceOrientationPortrait UIInterfaceOrientationLandscapeLeft UIInterfaceOrientationLandscapeRight";
				LD_RUNPATH_SEARCH_PATHS = (
					"$(inherited)",
					"@executable_path/Frameworks",
				);
				MARKETING_VERSION = 1.0;
				PRODUCT_BUNDLE_IDENTIFIER = com.xbm.Casino;
				PRODUCT_NAME = "$(TARGET_NAME)";
				SWIFT_EMIT_LOC_STRINGS = YES;
				TARGETED_DEVICE_FAMILY = "1,2";
			};
			name = Debug;
		};
		844B2CB027684F1600B0513D /* Release */ = {
			isa = XCBuildConfiguration;
			baseConfigurationReference = 3D09BC1FD87CB6945232C249 /* Pods-Casino.release.xcconfig */;
			buildSettings = {
				ASSETCATALOG_COMPILER_APPICON_NAME = AppIcon;
				ASSETCATALOG_COMPILER_GLOBAL_ACCENT_COLOR_NAME = AccentColor;
				CODE_SIGN_STYLE = Automatic;
				CURRENT_PROJECT_VERSION = 1;
				DEVELOPMENT_TEAM = TG5S4Z66WU;
				GCC_PREFIX_HEADER = "$(PROJECT_DIR)/$(PROJECT_NAME)/$(PROJECT_NAME)PrefixHeader.pch";
				GENERATE_INFOPLIST_FILE = YES;
				HEADER_SEARCH_PATHS = "\"$(SRCROOT)/../JobsBaseConfig\"/**";
				INFOPLIST_FILE = Casino/Info.plist;
				INFOPLIST_KEY_UIApplicationSupportsIndirectInputEvents = YES;
				INFOPLIST_KEY_UILaunchStoryboardName = LaunchScreen;
				INFOPLIST_KEY_UIMainStoryboardFile = Main;
				INFOPLIST_KEY_UISupportedInterfaceOrientations_iPad = "UIInterfaceOrientationPortrait UIInterfaceOrientationPortraitUpsideDown UIInterfaceOrientationLandscapeLeft UIInterfaceOrientationLandscapeRight";
				INFOPLIST_KEY_UISupportedInterfaceOrientations_iPhone = "UIInterfaceOrientationPortrait UIInterfaceOrientationLandscapeLeft UIInterfaceOrientationLandscapeRight";
				LD_RUNPATH_SEARCH_PATHS = (
					"$(inherited)",
					"@executable_path/Frameworks",
				);
				MARKETING_VERSION = 1.0;
				PRODUCT_BUNDLE_IDENTIFIER = com.xbm.Casino;
				PRODUCT_NAME = "$(TARGET_NAME)";
				SWIFT_EMIT_LOC_STRINGS = YES;
				TARGETED_DEVICE_FAMILY = "1,2";
			};
			name = Release;
		};
		844B2CB227684F1600B0513D /* Debug */ = {
			isa = XCBuildConfiguration;
			buildSettings = {
				BUNDLE_LOADER = "$(TEST_HOST)";
				CODE_SIGN_STYLE = Automatic;
				CURRENT_PROJECT_VERSION = 1;
				DEVELOPMENT_TEAM = TG5S4Z66WU;
				GENERATE_INFOPLIST_FILE = YES;
				IPHONEOS_DEPLOYMENT_TARGET = 15.0;
				LD_RUNPATH_SEARCH_PATHS = (
					"$(inherited)",
					"@executable_path/Frameworks",
					"@loader_path/Frameworks",
				);
				MARKETING_VERSION = 1.0;
				PRODUCT_BUNDLE_IDENTIFIER = com.xbm.CasinoTests;
				PRODUCT_NAME = "$(TARGET_NAME)";
				SWIFT_EMIT_LOC_STRINGS = NO;
				TARGETED_DEVICE_FAMILY = "1,2";
				TEST_HOST = "$(BUILT_PRODUCTS_DIR)/Casino.app/Casino";
			};
			name = Debug;
		};
		844B2CB327684F1600B0513D /* Release */ = {
			isa = XCBuildConfiguration;
			buildSettings = {
				BUNDLE_LOADER = "$(TEST_HOST)";
				CODE_SIGN_STYLE = Automatic;
				CURRENT_PROJECT_VERSION = 1;
				DEVELOPMENT_TEAM = TG5S4Z66WU;
				GENERATE_INFOPLIST_FILE = YES;
				IPHONEOS_DEPLOYMENT_TARGET = 15.0;
				LD_RUNPATH_SEARCH_PATHS = (
					"$(inherited)",
					"@executable_path/Frameworks",
					"@loader_path/Frameworks",
				);
				MARKETING_VERSION = 1.0;
				PRODUCT_BUNDLE_IDENTIFIER = com.xbm.CasinoTests;
				PRODUCT_NAME = "$(TARGET_NAME)";
				SWIFT_EMIT_LOC_STRINGS = NO;
				TARGETED_DEVICE_FAMILY = "1,2";
				TEST_HOST = "$(BUILT_PRODUCTS_DIR)/Casino.app/Casino";
			};
			name = Release;
		};
		844B2CB527684F1600B0513D /* Debug */ = {
			isa = XCBuildConfiguration;
			buildSettings = {
				CODE_SIGN_STYLE = Automatic;
				CURRENT_PROJECT_VERSION = 1;
				DEVELOPMENT_TEAM = TG5S4Z66WU;
				GENERATE_INFOPLIST_FILE = YES;
				LD_RUNPATH_SEARCH_PATHS = (
					"$(inherited)",
					"@executable_path/Frameworks",
					"@loader_path/Frameworks",
				);
				MARKETING_VERSION = 1.0;
				PRODUCT_BUNDLE_IDENTIFIER = com.xbm.CasinoUITests;
				PRODUCT_NAME = "$(TARGET_NAME)";
				SWIFT_EMIT_LOC_STRINGS = NO;
				TARGETED_DEVICE_FAMILY = "1,2";
				TEST_TARGET_NAME = Casino;
			};
			name = Debug;
		};
		844B2CB627684F1600B0513D /* Release */ = {
			isa = XCBuildConfiguration;
			buildSettings = {
				CODE_SIGN_STYLE = Automatic;
				CURRENT_PROJECT_VERSION = 1;
				DEVELOPMENT_TEAM = TG5S4Z66WU;
				GENERATE_INFOPLIST_FILE = YES;
				LD_RUNPATH_SEARCH_PATHS = (
					"$(inherited)",
					"@executable_path/Frameworks",
					"@loader_path/Frameworks",
				);
				MARKETING_VERSION = 1.0;
				PRODUCT_BUNDLE_IDENTIFIER = com.xbm.CasinoUITests;
				PRODUCT_NAME = "$(TARGET_NAME)";
				SWIFT_EMIT_LOC_STRINGS = NO;
				TARGETED_DEVICE_FAMILY = "1,2";
				TEST_TARGET_NAME = Casino;
			};
			name = Release;
		};
/* End XCBuildConfiguration section */

/* Begin XCConfigurationList section */
		844B2C7727684F1400B0513D /* Build configuration list for PBXProject "Casino" */ = {
			isa = XCConfigurationList;
			buildConfigurations = (
				844B2CAC27684F1600B0513D /* Debug */,
				844B2CAD27684F1600B0513D /* Release */,
			);
			defaultConfigurationIsVisible = 0;
			defaultConfigurationName = Release;
		};
		844B2CAE27684F1600B0513D /* Build configuration list for PBXNativeTarget "Casino" */ = {
			isa = XCConfigurationList;
			buildConfigurations = (
				844B2CAF27684F1600B0513D /* Debug */,
				844B2CB027684F1600B0513D /* Release */,
			);
			defaultConfigurationIsVisible = 0;
			defaultConfigurationName = Release;
		};
		844B2CB127684F1600B0513D /* Build configuration list for PBXNativeTarget "CasinoTests" */ = {
			isa = XCConfigurationList;
			buildConfigurations = (
				844B2CB227684F1600B0513D /* Debug */,
				844B2CB327684F1600B0513D /* Release */,
			);
			defaultConfigurationIsVisible = 0;
			defaultConfigurationName = Release;
		};
		844B2CB427684F1600B0513D /* Build configuration list for PBXNativeTarget "CasinoUITests" */ = {
			isa = XCConfigurationList;
			buildConfigurations = (
				844B2CB527684F1600B0513D /* Debug */,
				844B2CB627684F1600B0513D /* Release */,
			);
			defaultConfigurationIsVisible = 0;
			defaultConfigurationName = Release;
		};
/* End XCConfigurationList section */

/* Begin XCVersionGroup section */
		844B2C8B27684F1400B0513D /* Casino.xcdatamodeld */ = {
			isa = XCVersionGroup;
			children = (
				844B2C8C27684F1400B0513D /* Casino.xcdatamodel */,
			);
			currentVersion = 844B2C8C27684F1400B0513D /* Casino.xcdatamodel */;
			path = Casino.xcdatamodeld;
			sourceTree = "<group>";
			versionGroupType = wrapper.xcdatamodel;
		};
/* End XCVersionGroup section */
	};
	rootObject = 844B2C7427684F1400B0513D /* Project object */;
}
